// !$*UTF8*$!
{
	archiveVersion = 1;
	classes = {
	};
	objectVersion = 48;
	objects = {

/* Begin PBXBuildFile section */
		BC265E901FF931370068422A /* AppDelegate.swift in Sources */ = {isa = PBXBuildFile; fileRef = BC265E8F1FF931370068422A /* AppDelegate.swift */; };
		BC265E921FF931370068422A /* ViewController.swift in Sources */ = {isa = PBXBuildFile; fileRef = BC265E911FF931370068422A /* ViewController.swift */; };
		BC265E951FF931370068422A /* Main.storyboard in Resources */ = {isa = PBXBuildFile; fileRef = BC265E931FF931370068422A /* Main.storyboard */; };
		BC265E971FF931370068422A /* Assets.xcassets in Resources */ = {isa = PBXBuildFile; fileRef = BC265E961FF931370068422A /* Assets.xcassets */; };
		BC265E9A1FF931370068422A /* LaunchScreen.storyboard in Resources */ = {isa = PBXBuildFile; fileRef = BC265E981FF931370068422A /* LaunchScreen.storyboard */; };
		BC265EA51FF931380068422A /* stickyTests.swift in Sources */ = {isa = PBXBuildFile; fileRef = BC265EA41FF931380068422A /* stickyTests.swift */; };
/* End PBXBuildFile section */

/* Begin PBXContainerItemProxy section */
		BC265EA11FF931380068422A /* PBXContainerItemProxy */ = {
			isa = PBXContainerItemProxy;
			containerPortal = BC265E841FF931370068422A /* Project object */;
			proxyType = 1;
			remoteGlobalIDString = BC265E8B1FF931370068422A;
			remoteInfo = sticky;
		};
/* End PBXContainerItemProxy section */

/* Begin PBXFileReference section */
		BC265E8C1FF931370068422A /* sticky.app */ = {isa = PBXFileReference; explicitFileType = wrapper.application; includeInIndex = 0; path = sticky.app; sourceTree = BUILT_PRODUCTS_DIR; };
		BC265E8F1FF931370068422A /* AppDelegate.swift */ = {isa = PBXFileReference; lastKnownFileType = sourcecode.swift; path = AppDelegate.swift; sourceTree = "<group>"; };
		BC265E911FF931370068422A /* ViewController.swift */ = {isa = PBXFileReference; lastKnownFileType = sourcecode.swift; path = ViewController.swift; sourceTree = "<group>"; };
		BC265E941FF931370068422A /* Base */ = {isa = PBXFileReference; lastKnownFileType = file.storyboard; name = Base; path = Base.lproj/Main.storyboard; sourceTree = "<group>"; };
		BC265E961FF931370068422A /* Assets.xcassets */ = {isa = PBXFileReference; lastKnownFileType = folder.assetcatalog; path = Assets.xcassets; sourceTree = "<group>"; };
		BC265E991FF931370068422A /* Base */ = {isa = PBXFileReference; lastKnownFileType = file.storyboard; name = Base; path = Base.lproj/LaunchScreen.storyboard; sourceTree = "<group>"; };
		BC265E9B1FF931370068422A /* Info.plist */ = {isa = PBXFileReference; lastKnownFileType = text.plist.xml; path = Info.plist; sourceTree = "<group>"; };
		BC265EA01FF931380068422A /* stickyTests.xctest */ = {isa = PBXFileReference; explicitFileType = wrapper.cfbundle; includeInIndex = 0; path = stickyTests.xctest; sourceTree = BUILT_PRODUCTS_DIR; };
		BC265EA41FF931380068422A /* stickyTests.swift */ = {isa = PBXFileReference; lastKnownFileType = sourcecode.swift; path = stickyTests.swift; sourceTree = "<group>"; };
		BC265EA61FF931380068422A /* Info.plist */ = {isa = PBXFileReference; lastKnownFileType = text.plist.xml; path = Info.plist; sourceTree = "<group>"; };
/* End PBXFileReference section */

/* Begin PBXFrameworksBuildPhase section */
		BC265E891FF931370068422A /* Frameworks */ = {
			isa = PBXFrameworksBuildPhase;
			buildActionMask = 2147483647;
			files = (
			);
			runOnlyForDeploymentPostprocessing = 0;
		};
		BC265E9D1FF931380068422A /* Frameworks */ = {
			isa = PBXFrameworksBuildPhase;
			buildActionMask = 2147483647;
			files = (
			);
			runOnlyForDeploymentPostprocessing = 0;
		};
/* End PBXFrameworksBuildPhase section */

/* Begin PBXGroup section */
		BC265E831FF931370068422A = {
			isa = PBXGroup;
			children = (
				BC265E8E1FF931370068422A /* sticky */,
				BC265EA31FF931380068422A /* stickyTests */,
				BC265E8D1FF931370068422A /* Products */,
			);
			sourceTree = "<group>";
		};
		BC265E8D1FF931370068422A /* Products */ = {
			isa = PBXGroup;
			children = (
				BC265E8C1FF931370068422A /* sticky.app */,
				BC265EA01FF931380068422A /* stickyTests.xctest */,
			);
			name = Products;
			sourceTree = "<group>";
		};
		BC265E8E1FF931370068422A /* sticky */ = {
			isa = PBXGroup;
			children = (
				BC265E8F1FF931370068422A /* AppDelegate.swift */,
				BC265E911FF931370068422A /* ViewController.swift */,
				BC265E931FF931370068422A /* Main.storyboard */,
				BC265E961FF931370068422A /* Assets.xcassets */,
				BC265E981FF931370068422A /* LaunchScreen.storyboard */,
				BC265E9B1FF931370068422A /* Info.plist */,
			);
			path = sticky;
			sourceTree = "<group>";
		};
		BC265EA31FF931380068422A /* stickyTests */ = {
			isa = PBXGroup;
			children = (
				BC265EA41FF931380068422A /* stickyTests.swift */,
				BC265EA61FF931380068422A /* Info.plist */,
			);
			path = stickyTests;
			sourceTree = "<group>";
		};
/* End PBXGroup section */

/* Begin PBXNativeTarget section */
		BC265E8B1FF931370068422A /* sticky */ = {
			isa = PBXNativeTarget;
			buildConfigurationList = BC265EA91FF931380068422A /* Build configuration list for PBXNativeTarget "sticky" */;
			buildPhases = (
				BC265E881FF931370068422A /* Sources */,
				BC265E891FF931370068422A /* Frameworks */,
				BC265E8A1FF931370068422A /* Resources */,
			);
			buildRules = (
			);
			dependencies = (
			);
			name = sticky;
			productName = sticky;
			productReference = BC265E8C1FF931370068422A /* sticky.app */;
			productType = "com.apple.product-type.application";
		};
		BC265E9F1FF931380068422A /* stickyTests */ = {
			isa = PBXNativeTarget;
			buildConfigurationList = BC265EAC1FF931380068422A /* Build configuration list for PBXNativeTarget "stickyTests" */;
			buildPhases = (
				BC265E9C1FF931380068422A /* Sources */,
				BC265E9D1FF931380068422A /* Frameworks */,
				BC265E9E1FF931380068422A /* Resources */,
			);
			buildRules = (
			);
			dependencies = (
				BC265EA21FF931380068422A /* PBXTargetDependency */,
			);
			name = stickyTests;
			productName = stickyTests;
			productReference = BC265EA01FF931380068422A /* stickyTests.xctest */;
			productType = "com.apple.product-type.bundle.unit-test";
		};
/* End PBXNativeTarget section */

/* Begin PBXProject section */
		BC265E841FF931370068422A /* Project object */ = {
			isa = PBXProject;
			attributes = {
				LastSwiftUpdateCheck = 0920;
				LastUpgradeCheck = 0920;
				ORGANIZATIONNAME = "James Langdon";
				TargetAttributes = {
					BC265E8B1FF931370068422A = {
						CreatedOnToolsVersion = 9.2;
						ProvisioningStyle = Automatic;
					};
					BC265E9F1FF931380068422A = {
						CreatedOnToolsVersion = 9.2;
						ProvisioningStyle = Automatic;
						TestTargetID = BC265E8B1FF931370068422A;
					};
				};
			};
			buildConfigurationList = BC265E871FF931370068422A /* Build configuration list for PBXProject "sticky" */;
			compatibilityVersion = "Xcode 8.0";
			developmentRegion = en;
			hasScannedForEncodings = 0;
			knownRegions = (
				en,
				Base,
			);
			mainGroup = BC265E831FF931370068422A;
			productRefGroup = BC265E8D1FF931370068422A /* Products */;
			projectDirPath = "";
			projectRoot = "";
			targets = (
				BC265E8B1FF931370068422A /* sticky */,
				BC265E9F1FF931380068422A /* stickyTests */,
			);
		};
/* End PBXProject section */

/* Begin PBXResourcesBuildPhase section */
		BC265E8A1FF931370068422A /* Resources */ = {
			isa = PBXResourcesBuildPhase;
			buildActionMask = 2147483647;
			files = (
				BC265E9A1FF931370068422A /* LaunchScreen.storyboard in Resources */,
				BC265E971FF931370068422A /* Assets.xcassets in Resources */,
				BC265E951FF931370068422A /* Main.storyboard in Resources */,
			);
			runOnlyForDeploymentPostprocessing = 0;
		};
		BC265E9E1FF931380068422A /* Resources */ = {
			isa = PBXResourcesBuildPhase;
			buildActionMask = 2147483647;
			files = (
			);
			runOnlyForDeploymentPostprocessing = 0;
		};
/* End PBXResourcesBuildPhase section */

/* Begin PBXSourcesBuildPhase section */
		BC265E881FF931370068422A /* Sources */ = {
			isa = PBXSourcesBuildPhase;
			buildActionMask = 2147483647;
			files = (
				BC265E921FF931370068422A /* ViewController.swift in Sources */,
				BC265E901FF931370068422A /* AppDelegate.swift in Sources */,
			);
			runOnlyForDeploymentPostprocessing = 0;
		};
		BC265E9C1FF931380068422A /* Sources */ = {
			isa = PBXSourcesBuildPhase;
			buildActionMask = 2147483647;
			files = (
				BC265EA51FF931380068422A /* stickyTests.swift in Sources */,
			);
			runOnlyForDeploymentPostprocessing = 0;
		};
/* End PBXSourcesBuildPhase section */

/* Begin PBXTargetDependency section */
		BC265EA21FF931380068422A /* PBXTargetDependency */ = {
			isa = PBXTargetDependency;
			target = BC265E8B1FF931370068422A /* sticky */;
			targetProxy = BC265EA11FF931380068422A /* PBXContainerItemProxy */;
		};
/* End PBXTargetDependency section */

/* Begin PBXVariantGroup section */
		BC265E931FF931370068422A /* Main.storyboard */ = {
			isa = PBXVariantGroup;
			children = (
				BC265E941FF931370068422A /* Base */,
			);
			name = Main.storyboard;
			sourceTree = "<group>";
		};
		BC265E981FF931370068422A /* LaunchScreen.storyboard */ = {
			isa = PBXVariantGroup;
			children = (
				BC265E991FF931370068422A /* Base */,
			);
			name = LaunchScreen.storyboard;
			sourceTree = "<group>";
		};
/* End PBXVariantGroup section */

/* Begin XCBuildConfiguration section */
		BC265EA71FF931380068422A /* Debug */ = {
			isa = XCBuildConfiguration;
			buildSettings = {
				ALWAYS_SEARCH_USER_PATHS = NO;
				CLANG_ANALYZER_NONNULL = YES;
				CLANG_ANALYZER_NUMBER_OBJECT_CONVERSION = YES_AGGRESSIVE;
				CLANG_CXX_LANGUAGE_STANDARD = "gnu++14";
				CLANG_CXX_LIBRARY = "libc++";
				CLANG_ENABLE_MODULES = YES;
				CLANG_ENABLE_OBJC_ARC = YES;
				CLANG_WARN_BLOCK_CAPTURE_AUTORELEASING = YES;
				CLANG_WARN_BOOL_CONVERSION = YES;
				CLANG_WARN_COMMA = YES;
				CLANG_WARN_CONSTANT_CONVERSION = YES;
				CLANG_WARN_DIRECT_OBJC_ISA_USAGE = YES_ERROR;
				CLANG_WARN_DOCUMENTATION_COMMENTS = YES;
				CLANG_WARN_EMPTY_BODY = YES;
				CLANG_WARN_ENUM_CONVERSION = YES;
				CLANG_WARN_INFINITE_RECURSION = YES;
				CLANG_WARN_INT_CONVERSION = YES;
				CLANG_WARN_NON_LITERAL_NULL_CONVERSION = YES;
				CLANG_WARN_OBJC_LITERAL_CONVERSION = YES;
				CLANG_WARN_OBJC_ROOT_CLASS = YES_ERROR;
				CLANG_WARN_RANGE_LOOP_ANALYSIS = YES;
				CLANG_WARN_STRICT_PROTOTYPES = YES;
				CLANG_WARN_SUSPICIOUS_MOVE = YES;
				CLANG_WARN_UNGUARDED_AVAILABILITY = YES_AGGRESSIVE;
				CLANG_WARN_UNREACHABLE_CODE = YES;
				CLANG_WARN__DUPLICATE_METHOD_MATCH = YES;
				CODE_SIGN_IDENTITY = "iPhone Developer";
				COPY_PHASE_STRIP = NO;
				DEBUG_INFORMATION_FORMAT = dwarf;
				ENABLE_STRICT_OBJC_MSGSEND = YES;
				ENABLE_TESTABILITY = YES;
				GCC_C_LANGUAGE_STANDARD = gnu11;
				GCC_DYNAMIC_NO_PIC = NO;
				GCC_NO_COMMON_BLOCKS = YES;
				GCC_OPTIMIZATION_LEVEL = 0;
				GCC_PREPROCESSOR_DEFINITIONS = (
					"DEBUG=1",
					"$(inherited)",
				);
				GCC_WARN_64_TO_32_BIT_CONVERSION = YES;
				GCC_WARN_ABOUT_RETURN_TYPE = YES_ERROR;
				GCC_WARN_UNDECLARED_SELECTOR = YES;
				GCC_WARN_UNINITIALIZED_AUTOS = YES_AGGRESSIVE;
				GCC_WARN_UNUSED_FUNCTION = YES;
				GCC_WARN_UNUSED_VARIABLE = YES;
				IPHONEOS_DEPLOYMENT_TARGET = 11.2;
				MTL_ENABLE_DEBUG_INFO = YES;
				ONLY_ACTIVE_ARCH = YES;
				SDKROOT = iphoneos;
				SWIFT_ACTIVE_COMPILATION_CONDITIONS = DEBUG;
				SWIFT_OPTIMIZATION_LEVEL = "-Onone";
			};
			name = Debug;
		};
		BC265EA81FF931380068422A /* Release */ = {
			isa = XCBuildConfiguration;
			buildSettings = {
				ALWAYS_SEARCH_USER_PATHS = NO;
				CLANG_ANALYZER_NONNULL = YES;
				CLANG_ANALYZER_NUMBER_OBJECT_CONVERSION = YES_AGGRESSIVE;
				CLANG_CXX_LANGUAGE_STANDARD = "gnu++14";
				CLANG_CXX_LIBRARY = "libc++";
				CLANG_ENABLE_MODULES = YES;
				CLANG_ENABLE_OBJC_ARC = YES;
				CLANG_WARN_BLOCK_CAPTURE_AUTORELEASING = YES;
				CLANG_WARN_BOOL_CONVERSION = YES;
				CLANG_WARN_COMMA = YES;
				CLANG_WARN_CONSTANT_CONVERSION = YES;
				CLANG_WARN_DIRECT_OBJC_ISA_USAGE = YES_ERROR;
				CLANG_WARN_DOCUMENTATION_COMMENTS = YES;
				CLANG_WARN_EMPTY_BODY = YES;
				CLANG_WARN_ENUM_CONVERSION = YES;
				CLANG_WARN_INFINITE_RECURSION = YES;
				CLANG_WARN_INT_CONVERSION = YES;
				CLANG_WARN_NON_LITERAL_NULL_CONVERSION = YES;
				CLANG_WARN_OBJC_LITERAL_CONVERSION = YES;
				CLANG_WARN_OBJC_ROOT_CLASS = YES_ERROR;
				CLANG_WARN_RANGE_LOOP_ANALYSIS = YES;
				CLANG_WARN_STRICT_PROTOTYPES = YES;
				CLANG_WARN_SUSPICIOUS_MOVE = YES;
				CLANG_WARN_UNGUARDED_AVAILABILITY = YES_AGGRESSIVE;
				CLANG_WARN_UNREACHABLE_CODE = YES;
				CLANG_WARN__DUPLICATE_METHOD_MATCH = YES;
				CODE_SIGN_IDENTITY = "iPhone Developer";
				COPY_PHASE_STRIP = NO;
				DEBUG_INFORMATION_FORMAT = "dwarf-with-dsym";
				ENABLE_NS_ASSERTIONS = NO;
				ENABLE_STRICT_OBJC_MSGSEND = YES;
				GCC_C_LANGUAGE_STANDARD = gnu11;
				GCC_NO_COMMON_BLOCKS = YES;
				GCC_WARN_64_TO_32_BIT_CONVERSION = YES;
				GCC_WARN_ABOUT_RETURN_TYPE = YES_ERROR;
				GCC_WARN_UNDECLARED_SELECTOR = YES;
				GCC_WARN_UNINITIALIZED_AUTOS = YES_AGGRESSIVE;
				GCC_WARN_UNUSED_FUNCTION = YES;
				GCC_WARN_UNUSED_VARIABLE = YES;
				IPHONEOS_DEPLOYMENT_TARGET = 11.2;
				MTL_ENABLE_DEBUG_INFO = NO;
				SDKROOT = iphoneos;
				SWIFT_OPTIMIZATION_LEVEL = "-Owholemodule";
				VALIDATE_PRODUCT = YES;
			};
			name = Release;
		};
		BC265EAA1FF931380068422A /* Debug */ = {
			isa = XCBuildConfiguration;
			buildSettings = {
				ASSETCATALOG_COMPILER_APPICON_NAME = AppIcon;
				CODE_SIGN_STYLE = Automatic;
				DEVELOPMENT_TEAM = 23WM9XXG5V;
				INFOPLIST_FILE = sticky/Info.plist;
				LD_RUNPATH_SEARCH_PATHS = "$(inherited) @executable_path/Frameworks";
				PRODUCT_BUNDLE_IDENTIFIER = com.corporatelangdon.sticky;
				PRODUCT_NAME = "$(TARGET_NAME)";
				SWIFT_VERSION = 4.0;
				TARGETED_DEVICE_FAMILY = "1,2";
			};
			name = Debug;
		};
		BC265EAB1FF931380068422A /* Release */ = {
			isa = XCBuildConfiguration;
			buildSettings = {
				ASSETCATALOG_COMPILER_APPICON_NAME = AppIcon;
				CODE_SIGN_STYLE = Automatic;
				DEVELOPMENT_TEAM = 23WM9XXG5V;
				INFOPLIST_FILE = sticky/Info.plist;
				LD_RUNPATH_SEARCH_PATHS = "$(inherited) @executable_path/Frameworks";
				PRODUCT_BUNDLE_IDENTIFIER = com.corporatelangdon.sticky;
				PRODUCT_NAME = "$(TARGET_NAME)";
				SWIFT_VERSION = 4.0;
				TARGETED_DEVICE_FAMILY = "1,2";
			};
			name = Release;
		};
		BC265EAD1FF931380068422A /* Debug */ = {
			isa = XCBuildConfiguration;
			buildSettings = {
				ALWAYS_EMBED_SWIFT_STANDARD_LIBRARIES = YES;
				BUNDLE_LOADER = "$(TEST_HOST)";
				CODE_SIGN_STYLE = Automatic;
				DEVELOPMENT_TEAM = 23WM9XXG5V;
				INFOPLIST_FILE = stickyTests/Info.plist;
				LD_RUNPATH_SEARCH_PATHS = "$(inherited) @executable_path/Frameworks @loader_path/Frameworks";
				PRODUCT_BUNDLE_IDENTIFIER = com.corporatelangdon.stickyTests;
				PRODUCT_NAME = "$(TARGET_NAME)";
				SWIFT_VERSION = 4.0;
				TARGETED_DEVICE_FAMILY = "1,2";
				TEST_HOST = "$(BUILT_PRODUCTS_DIR)/sticky.app/sticky";
			};
			name = Debug;
		};
		BC265EAE1FF931380068422A /* Release */ = {
			isa = XCBuildConfiguration;
			buildSettings = {
				ALWAYS_EMBED_SWIFT_STANDARD_LIBRARIES = YES;
				BUNDLE_LOADER = "$(TEST_HOST)";
				CODE_SIGN_STYLE = Automatic;
				DEVELOPMENT_TEAM = 23WM9XXG5V;
				INFOPLIST_FILE = stickyTests/Info.plist;
				LD_RUNPATH_SEARCH_PATHS = "$(inherited) @executable_path/Frameworks @loader_path/Frameworks";
				PRODUCT_BUNDLE_IDENTIFIER = com.corporatelangdon.stickyTests;
				PRODUCT_NAME = "$(TARGET_NAME)";
				SWIFT_VERSION = 4.0;
				TARGETED_DEVICE_FAMILY = "1,2";
				TEST_HOST = "$(BUILT_PRODUCTS_DIR)/sticky.app/sticky";
			};
			name = Release;
		};
/* End XCBuildConfiguration section */

/* Begin XCConfigurationList section */
		BC265E871FF931370068422A /* Build configuration list for PBXProject "sticky" */ = {
			isa = XCConfigurationList;
			buildConfigurations = (
				BC265EA71FF931380068422A /* Debug */,
				BC265EA81FF931380068422A /* Release */,
			);
			defaultConfigurationIsVisible = 0;
			defaultConfigurationName = Release;
		};
		BC265EA91FF931380068422A /* Build configuration list for PBXNativeTarget "sticky" */ = {
			isa = XCConfigurationList;
			buildConfigurations = (
				BC265EAA1FF931380068422A /* Debug */,
				BC265EAB1FF931380068422A /* Release */,
			);
			defaultConfigurationIsVisible = 0;
			defaultConfigurationName = Release;
		};
		BC265EAC1FF931380068422A /* Build configuration list for PBXNativeTarget "stickyTests" */ = {
			isa = XCConfigurationList;
			buildConfigurations = (
				BC265EAD1FF931380068422A /* Debug */,
				BC265EAE1FF931380068422A /* Release */,
			);
			defaultConfigurationIsVisible = 0;
			defaultConfigurationName = Release;
		};
/* End XCConfigurationList section */
	};
	rootObject = BC265E841FF931370068422A /* Project object */;
}
